// !$*UTF8*$!
{
	archiveVersion = 1;
	classes = {
	};
	objectVersion = 55;
	objects = {

/* Begin PBXBuildFile section */
		FA0602E72AB2C47D0035B479 /* AppDelegate.swift in Sources */ = {isa = PBXBuildFile; fileRef = FA0602E62AB2C47D0035B479 /* AppDelegate.swift */; };
		FA0602E92AB2C47D0035B479 /* SceneDelegate.swift in Sources */ = {isa = PBXBuildFile; fileRef = FA0602E82AB2C47D0035B479 /* SceneDelegate.swift */; };
		FA0602EE2AB2C47D0035B479 /* Main.storyboard in Resources */ = {isa = PBXBuildFile; fileRef = FA0602EC2AB2C47D0035B479 /* Main.storyboard */; };
		FA0602F02AB2C4820035B479 /* Assets.xcassets in Resources */ = {isa = PBXBuildFile; fileRef = FA0602EF2AB2C4820035B479 /* Assets.xcassets */; };
		FA0602F32AB2C4820035B479 /* LaunchScreen.storyboard in Resources */ = {isa = PBXBuildFile; fileRef = FA0602F12AB2C4820035B479 /* LaunchScreen.storyboard */; };
		FA0602FC2AB2C7380035B479 /* FirstVC.swift in Sources */ = {isa = PBXBuildFile; fileRef = FA0602FB2AB2C7380035B479 /* FirstVC.swift */; };
		FA0602FE2AB2C7560035B479 /* SecondVC.swift in Sources */ = {isa = PBXBuildFile; fileRef = FA0602FD2AB2C7560035B479 /* SecondVC.swift */; };
		FA0603002AB2CDE40035B479 /* Extentions.swift in Sources */ = {isa = PBXBuildFile; fileRef = FA0602FF2AB2CDE40035B479 /* Extentions.swift */; };
		FA0603072AB2DEAC0035B479 /* DataSource.swift in Sources */ = {isa = PBXBuildFile; fileRef = FA0603062AB2DEAC0035B479 /* DataSource.swift */; };
		FA4516982AB5CC06001B875D /* Person.swift in Sources */ = {isa = PBXBuildFile; fileRef = FA4516972AB5CC06001B875D /* Person.swift */; };
		FA8CA5B62AB8C08A00C7FA14 /* ThirdVC.swift in Sources */ = {isa = PBXBuildFile; fileRef = FA8CA5B42AB8C08A00C7FA14 /* ThirdVC.swift */; };
/* End PBXBuildFile section */

/* Begin PBXFileReference section */
		FA0602E32AB2C47D0035B479 /* Contacts.app */ = {isa = PBXFileReference; explicitFileType = wrapper.application; includeInIndex = 0; path = Contacts.app; sourceTree = BUILT_PRODUCTS_DIR; };
		FA0602E62AB2C47D0035B479 /* AppDelegate.swift */ = {isa = PBXFileReference; lastKnownFileType = sourcecode.swift; path = AppDelegate.swift; sourceTree = "<group>"; };
		FA0602E82AB2C47D0035B479 /* SceneDelegate.swift */ = {isa = PBXFileReference; lastKnownFileType = sourcecode.swift; path = SceneDelegate.swift; sourceTree = "<group>"; };
		FA0602ED2AB2C47D0035B479 /* Base */ = {isa = PBXFileReference; lastKnownFileType = file.storyboard; name = Base; path = Base.lproj/Main.storyboard; sourceTree = "<group>"; };
		FA0602EF2AB2C4820035B479 /* Assets.xcassets */ = {isa = PBXFileReference; lastKnownFileType = folder.assetcatalog; path = Assets.xcassets; sourceTree = "<group>"; };
		FA0602F22AB2C4820035B479 /* Base */ = {isa = PBXFileReference; lastKnownFileType = file.storyboard; name = Base; path = Base.lproj/LaunchScreen.storyboard; sourceTree = "<group>"; };
		FA0602F42AB2C4820035B479 /* Info.plist */ = {isa = PBXFileReference; lastKnownFileType = text.plist.xml; path = Info.plist; sourceTree = "<group>"; };
		FA0602FB2AB2C7380035B479 /* FirstVC.swift */ = {isa = PBXFileReference; lastKnownFileType = sourcecode.swift; path = FirstVC.swift; sourceTree = "<group>"; };
		FA0602FD2AB2C7560035B479 /* SecondVC.swift */ = {isa = PBXFileReference; lastKnownFileType = sourcecode.swift; path = SecondVC.swift; sourceTree = "<group>"; };
		FA0602FF2AB2CDE40035B479 /* Extentions.swift */ = {isa = PBXFileReference; lastKnownFileType = sourcecode.swift; path = Extentions.swift; sourceTree = "<group>"; };
		FA0603062AB2DEAC0035B479 /* DataSource.swift */ = {isa = PBXFileReference; lastKnownFileType = sourcecode.swift; path = DataSource.swift; sourceTree = "<group>"; };
		FA4516972AB5CC06001B875D /* Person.swift */ = {isa = PBXFileReference; lastKnownFileType = sourcecode.swift; path = Person.swift; sourceTree = "<group>"; };
		FA8CA5B42AB8C08A00C7FA14 /* ThirdVC.swift */ = {isa = PBXFileReference; lastKnownFileType = sourcecode.swift; path = ThirdVC.swift; sourceTree = "<group>"; };
/* End PBXFileReference section */

/* Begin PBXFrameworksBuildPhase section */
		FA0602E02AB2C47D0035B479 /* Frameworks */ = {
			isa = PBXFrameworksBuildPhase;
			buildActionMask = 2147483647;
			files = (
			);
			runOnlyForDeploymentPostprocessing = 0;
		};
/* End PBXFrameworksBuildPhase section */

/* Begin PBXGroup section */
		FA0602DA2AB2C47D0035B479 = {
			isa = PBXGroup;
			children = (
				FA0602E52AB2C47D0035B479 /* Contacts */,
				FA0602E42AB2C47D0035B479 /* Products */,
			);
			sourceTree = "<group>";
		};
		FA0602E42AB2C47D0035B479 /* Products */ = {
			isa = PBXGroup;
			children = (
				FA0602E32AB2C47D0035B479 /* Contacts.app */,
			);
			name = Products;
			sourceTree = "<group>";
		};
		FA0602E52AB2C47D0035B479 /* Contacts */ = {
			isa = PBXGroup;
			children = (
				FA0603052AB2DE770035B479 /* DataServices */,
				FA0603012AB2DD230035B479 /* Model */,
				FA0602FA2AB2C6A40035B479 /* Controllers */,
				FA8CA5B22AB8BE6600C7FA14 /* Storybords */,
				FA0602E62AB2C47D0035B479 /* AppDelegate.swift */,
				FA0602E82AB2C47D0035B479 /* SceneDelegate.swift */,
				FA0602F42AB2C4820035B479 /* Info.plist */,
				FA0602EF2AB2C4820035B479 /* Assets.xcassets */,
				FA0602FF2AB2CDE40035B479 /* Extentions.swift */,
			);
			path = Contacts;
			sourceTree = "<group>";
		};
		FA0602FA2AB2C6A40035B479 /* Controllers */ = {
			isa = PBXGroup;
			children = (
				FA0602FB2AB2C7380035B479 /* FirstVC.swift */,
				FA0602FD2AB2C7560035B479 /* SecondVC.swift */,
				FA8CA5B42AB8C08A00C7FA14 /* ThirdVC.swift */,
			);
			path = Controllers;
			sourceTree = "<group>";
		};
		FA0603012AB2DD230035B479 /* Model */ = {
			isa = PBXGroup;
			children = (
				FA4516972AB5CC06001B875D /* Person.swift */,
			);
			path = Model;
			sourceTree = "<group>";
		};
		FA0603052AB2DE770035B479 /* DataServices */ = {
			isa = PBXGroup;
			children = (
				FA0603062AB2DEAC0035B479 /* DataSource.swift */,
			);
			path = DataServices;
			sourceTree = "<group>";
		};
		FA8CA5B22AB8BE6600C7FA14 /* Storybords */ = {
			isa = PBXGroup;
			children = (
				FA0602EC2AB2C47D0035B479 /* Main.storyboard */,
				FA0602F12AB2C4820035B479 /* LaunchScreen.storyboard */,
			);
			path = Storybords;
			sourceTree = "<group>";
		};
/* End PBXGroup section */

/* Begin PBXNativeTarget section */
		FA0602E22AB2C47D0035B479 /* Contacts */ = {
			isa = PBXNativeTarget;
			buildConfigurationList = FA0602F72AB2C4820035B479 /* Build configuration list for PBXNativeTarget "Contacts" */;
			buildPhases = (
				FA0602DF2AB2C47D0035B479 /* Sources */,
				FA0602E02AB2C47D0035B479 /* Frameworks */,
				FA0602E12AB2C47D0035B479 /* Resources */,
			);
			buildRules = (
			);
			dependencies = (
			);
			name = Contacts;
			productName = Contacts;
			productReference = FA0602E32AB2C47D0035B479 /* Contacts.app */;
			productType = "com.apple.product-type.application";
		};
/* End PBXNativeTarget section */

/* Begin PBXProject section */
		FA0602DB2AB2C47D0035B479 /* Project object */ = {
			isa = PBXProject;
			attributes = {
				BuildIndependentTargetsInParallel = 1;
				LastSwiftUpdateCheck = 1340;
				LastUpgradeCheck = 1340;
				TargetAttributes = {
					FA0602E22AB2C47D0035B479 = {
						CreatedOnToolsVersion = 13.4.1;
					};
				};
			};
			buildConfigurationList = FA0602DE2AB2C47D0035B479 /* Build configuration list for PBXProject "Contacts" */;
			compatibilityVersion = "Xcode 13.0";
			developmentRegion = en;
			hasScannedForEncodings = 0;
			knownRegions = (
				en,
				Base,
			);
			mainGroup = FA0602DA2AB2C47D0035B479;
			productRefGroup = FA0602E42AB2C47D0035B479 /* Products */;
			projectDirPath = "";
			projectRoot = "";
			targets = (
				FA0602E22AB2C47D0035B479 /* Contacts */,
			);
		};
/* End PBXProject section */

/* Begin PBXResourcesBuildPhase section */
		FA0602E12AB2C47D0035B479 /* Resources */ = {
			isa = PBXResourcesBuildPhase;
			buildActionMask = 2147483647;
			files = (
				FA0602F32AB2C4820035B479 /* LaunchScreen.storyboard in Resources */,
				FA0602F02AB2C4820035B479 /* Assets.xcassets in Resources */,
				FA0602EE2AB2C47D0035B479 /* Main.storyboard in Resources */,
			);
			runOnlyForDeploymentPostprocessing = 0;
		};
/* End PBXResourcesBuildPhase section */

/* Begin PBXSourcesBuildPhase section */
		FA0602DF2AB2C47D0035B479 /* Sources */ = {
			isa = PBXSourcesBuildPhase;
			buildActionMask = 2147483647;
			files = (
				FA0602E72AB2C47D0035B479 /* AppDelegate.swift in Sources */,
				FA0602FC2AB2C7380035B479 /* FirstVC.swift in Sources */,
				FA0603002AB2CDE40035B479 /* Extentions.swift in Sources */,
				FA0602FE2AB2C7560035B479 /* SecondVC.swift in Sources */,
				FA8CA5B62AB8C08A00C7FA14 /* ThirdVC.swift in Sources */,
				FA4516982AB5CC06001B875D /* Person.swift in Sources */,
				FA0603072AB2DEAC0035B479 /* DataSource.swift in Sources */,
				FA0602E92AB2C47D0035B479 /* SceneDelegate.swift in Sources */,
			);
			runOnlyForDeploymentPostprocessing = 0;
		};
/* End PBXSourcesBuildPhase section */

/* Begin PBXVariantGroup section */
		FA0602EC2AB2C47D0035B479 /* Main.storyboard */ = {
			isa = PBXVariantGroup;
			children = (
				FA0602ED2AB2C47D0035B479 /* Base */,
			);
			name = Main.storyboard;
			sourceTree = "<group>";
		};
		FA0602F12AB2C4820035B479 /* LaunchScreen.storyboard */ = {
			isa = PBXVariantGroup;
			children = (
				FA0602F22AB2C4820035B479 /* Base */,
			);
			name = LaunchScreen.storyboard;
			sourceTree = "<group>";
		};
/* End PBXVariantGroup section */

/* Begin XCBuildConfiguration section */
		FA0602F52AB2C4820035B479 /* Debug */ = {
			isa = XCBuildConfiguration;
			buildSettings = {
				ALWAYS_SEARCH_USER_PATHS = NO;
				CLANG_ANALYZER_NONNULL = YES;
				CLANG_ANALYZER_NUMBER_OBJECT_CONVERSION = YES_AGGRESSIVE;
				CLANG_CXX_LANGUAGE_STANDARD = "gnu++17";
				CLANG_ENABLE_MODULES = YES;
				CLANG_ENABLE_OBJC_ARC = YES;
				CLANG_ENABLE_OBJC_WEAK = YES;
				CLANG_WARN_BLOCK_CAPTURE_AUTORELEASING = YES;
				CLANG_WARN_BOOL_CONVERSION = YES;
				CLANG_WARN_COMMA = YES;
				CLANG_WARN_CONSTANT_CONVERSION = YES;
				CLANG_WARN_DEPRECATED_OBJC_IMPLEMENTATIONS = YES;
				CLANG_WARN_DIRECT_OBJC_ISA_USAGE = YES_ERROR;
				CLANG_WARN_DOCUMENTATION_COMMENTS = YES;
				CLANG_WARN_EMPTY_BODY = YES;
				CLANG_WARN_ENUM_CONVERSION = YES;
				CLANG_WARN_INFINITE_RECURSION = YES;
				CLANG_WARN_INT_CONVERSION = YES;
				CLANG_WARN_NON_LITERAL_NULL_CONVERSION = YES;
				CLANG_WARN_OBJC_IMPLICIT_RETAIN_SELF = YES;
				CLANG_WARN_OBJC_LITERAL_CONVERSION = YES;
				CLANG_WARN_OBJC_ROOT_CLASS = YES_ERROR;
				CLANG_WARN_QUOTED_INCLUDE_IN_FRAMEWORK_HEADER = YES;
				CLANG_WARN_RANGE_LOOP_ANALYSIS = YES;
				CLANG_WARN_STRICT_PROTOTYPES = YES;
				CLANG_WARN_SUSPICIOUS_MOVE = YES;
				CLANG_WARN_UNGUARDED_AVAILABILITY = YES_AGGRESSIVE;
				CLANG_WARN_UNREACHABLE_CODE = YES;
				CLANG_WARN__DUPLICATE_METHOD_MATCH = YES;
				COPY_PHASE_STRIP = NO;
				DEBUG_INFORMATION_FORMAT = dwarf;
				ENABLE_STRICT_OBJC_MSGSEND = YES;
				ENABLE_TESTABILITY = YES;
				GCC_C_LANGUAGE_STANDARD = gnu11;
				GCC_DYNAMIC_NO_PIC = NO;
				GCC_NO_COMMON_BLOCKS = YES;
				GCC_OPTIMIZATION_LEVEL = 0;
				GCC_PREPROCESSOR_DEFINITIONS = (
					"DEBUG=1",
					"$(inherited)",
				);
				GCC_WARN_64_TO_32_BIT_CONVERSION = YES;
				GCC_WARN_ABOUT_RETURN_TYPE = YES_ERROR;
				GCC_WARN_UNDECLARED_SELECTOR = YES;
				GCC_WARN_UNINITIALIZED_AUTOS = YES_AGGRESSIVE;
				GCC_WARN_UNUSED_FUNCTION = YES;
				GCC_WARN_UNUSED_VARIABLE = YES;
				IPHONEOS_DEPLOYMENT_TARGET = 15.5;
				MTL_ENABLE_DEBUG_INFO = INCLUDE_SOURCE;
				MTL_FAST_MATH = YES;
				ONLY_ACTIVE_ARCH = YES;
				SDKROOT = iphoneos;
				SWIFT_ACTIVE_COMPILATION_CONDITIONS = DEBUG;
				SWIFT_OPTIMIZATION_LEVEL = "-Onone";
			};
			name = Debug;
		};
		FA0602F62AB2C4820035B479 /* Release */ = {
			isa = XCBuildConfiguration;
			buildSettings = {
				ALWAYS_SEARCH_USER_PATHS = NO;
				CLANG_ANALYZER_NONNULL = YES;
				CLANG_ANALYZER_NUMBER_OBJECT_CONVERSION = YES_AGGRESSIVE;
				CLANG_CXX_LANGUAGE_STANDARD = "gnu++17";
				CLANG_ENABLE_MODULES = YES;
				CLANG_ENABLE_OBJC_ARC = YES;
				CLANG_ENABLE_OBJC_WEAK = YES;
				CLANG_WARN_BLOCK_CAPTURE_AUTORELEASING = YES;
				CLANG_WARN_BOOL_CONVERSION = YES;
				CLANG_WARN_COMMA = YES;
				CLANG_WARN_CONSTANT_CONVERSION = YES;
				CLANG_WARN_DEPRECATED_OBJC_IMPLEMENTATIONS = YES;
				CLANG_WARN_DIRECT_OBJC_ISA_USAGE = YES_ERROR;
				CLANG_WARN_DOCUMENTATION_COMMENTS = YES;
				CLANG_WARN_EMPTY_BODY = YES;
				CLANG_WARN_ENUM_CONVERSION = YES;
				CLANG_WARN_INFINITE_RECURSION = YES;
				CLANG_WARN_INT_CONVERSION = YES;
				CLANG_WARN_NON_LITERAL_NULL_CONVERSION = YES;
				CLANG_WARN_OBJC_IMPLICIT_RETAIN_SELF = YES;
				CLANG_WARN_OBJC_LITERAL_CONVERSION = YES;
				CLANG_WARN_OBJC_ROOT_CLASS = YES_ERROR;
				CLANG_WARN_QUOTED_INCLUDE_IN_FRAMEWORK_HEADER = YES;
				CLANG_WARN_RANGE_LOOP_ANALYSIS = YES;
				CLANG_WARN_STRICT_PROTOTYPES = YES;
				CLANG_WARN_SUSPICIOUS_MOVE = YES;
				CLANG_WARN_UNGUARDED_AVAILABILITY = YES_AGGRESSIVE;
				CLANG_WARN_UNREACHABLE_CODE = YES;
				CLANG_WARN__DUPLICATE_METHOD_MATCH = YES;
				COPY_PHASE_STRIP = NO;
				DEBUG_INFORMATION_FORMAT = "dwarf-with-dsym";
				ENABLE_NS_ASSERTIONS = NO;
				ENABLE_STRICT_OBJC_MSGSEND = YES;
				GCC_C_LANGUAGE_STANDARD = gnu11;
				GCC_NO_COMMON_BLOCKS = YES;
				GCC_WARN_64_TO_32_BIT_CONVERSION = YES;
				GCC_WARN_ABOUT_RETURN_TYPE = YES_ERROR;
				GCC_WARN_UNDECLARED_SELECTOR = YES;
				GCC_WARN_UNINITIALIZED_AUTOS = YES_AGGRESSIVE;
				GCC_WARN_UNUSED_FUNCTION = YES;
				GCC_WARN_UNUSED_VARIABLE = YES;
				IPHONEOS_DEPLOYMENT_TARGET = 15.5;
				MTL_ENABLE_DEBUG_INFO = NO;
				MTL_FAST_MATH = YES;
				SDKROOT = iphoneos;
				SWIFT_COMPILATION_MODE = wholemodule;
				SWIFT_OPTIMIZATION_LEVEL = "-O";
				VALIDATE_PRODUCT = YES;
			};
			name = Release;
		};
		FA0602F82AB2C4820035B479 /* Debug */ = {
			isa = XCBuildConfiguration;
			buildSettings = {
				ASSETCATALOG_COMPILER_APPICON_NAME = AppIcon;
				ASSETCATALOG_COMPILER_GLOBAL_ACCENT_COLOR_NAME = AccentColor;
				CODE_SIGN_STYLE = Automatic;
				CURRENT_PROJECT_VERSION = 1;
				DEVELOPMENT_TEAM = 6N3JPZKBPF;
				GENERATE_INFOPLIST_FILE = YES;
				INFOPLIST_FILE = Contacts/Info.plist;
				INFOPLIST_KEY_UIApplicationSupportsIndirectInputEvents = YES;
				INFOPLIST_KEY_UILaunchStoryboardName = LaunchScreen;
				INFOPLIST_KEY_UIMainStoryboardFile = Main;
				INFOPLIST_KEY_UISupportedInterfaceOrientations_iPad = "UIInterfaceOrientationPortrait UIInterfaceOrientationPortraitUpsideDown UIInterfaceOrientationLandscapeLeft UIInterfaceOrientationLandscapeRight";
				INFOPLIST_KEY_UISupportedInterfaceOrientations_iPhone = "UIInterfaceOrientationPortrait UIInterfaceOrientationLandscapeLeft UIInterfaceOrientationLandscapeRight";
				LD_RUNPATH_SEARCH_PATHS = (
					"$(inherited)",
					"@executable_path/Frameworks",
				);
				MARKETING_VERSION = 1.0;
				PRODUCT_BUNDLE_IDENTIFIER = shved.Contacts;
				PRODUCT_NAME = "$(TARGET_NAME)";
				SWIFT_EMIT_LOC_STRINGS = YES;
				SWIFT_VERSION = 5.0;
				TARGETED_DEVICE_FAMILY = "1,2";
			};
			name = Debug;
		};
		FA0602F92AB2C4820035B479 /* Release */ = {
			isa = XCBuildConfiguration;
			buildSettings = {
				ASSETCATALOG_COMPILER_APPICON_NAME = AppIcon;
				ASSETCATALOG_COMPILER_GLOBAL_ACCENT_COLOR_NAME = AccentColor;
				CODE_SIGN_STYLE = Automatic;
				CURRENT_PROJECT_VERSION = 1;
				DEVELOPMENT_TEAM = 6N3JPZKBPF;
				GENERATE_INFOPLIST_FILE = YES;
				INFOPLIST_FILE = Contacts/Info.plist;
				INFOPLIST_KEY_UIApplicationSupportsIndirectInputEvents = YES;
				INFOPLIST_KEY_UILaunchStoryboardName = LaunchScreen;
				INFOPLIST_KEY_UIMainStoryboardFile = Main;
				INFOPLIST_KEY_UISupportedInterfaceOrientations_iPad = "UIInterfaceOrientationPortrait UIInterfaceOrientationPortraitUpsideDown UIInterfaceOrientationLandscapeLeft UIInterfaceOrientationLandscapeRight";
				INFOPLIST_KEY_UISupportedInterfaceOrientations_iPhone = "UIInterfaceOrientationPortrait UIInterfaceOrientationLandscapeLeft UIInterfaceOrientationLandscapeRight";
				LD_RUNPATH_SEARCH_PATHS = (
					"$(inherited)",
					"@executable_path/Frameworks",
				);
				MARKETING_VERSION = 1.0;
				PRODUCT_BUNDLE_IDENTIFIER = shved.Contacts;
				PRODUCT_NAME = "$(TARGET_NAME)";
				SWIFT_EMIT_LOC_STRINGS = YES;
				SWIFT_VERSION = 5.0;
				TARGETED_DEVICE_FAMILY = "1,2";
			};
			name = Release;
		};
/* End XCBuildConfiguration section */

/* Begin XCConfigurationList section */
		FA0602DE2AB2C47D0035B479 /* Build configuration list for PBXProject "Contacts" */ = {
			isa = XCConfigurationList;
			buildConfigurations = (
				FA0602F52AB2C4820035B479 /* Debug */,
				FA0602F62AB2C4820035B479 /* Release */,
			);
			defaultConfigurationIsVisible = 0;
			defaultConfigurationName = Release;
		};
		FA0602F72AB2C4820035B479 /* Build configuration list for PBXNativeTarget "Contacts" */ = {
			isa = XCConfigurationList;
			buildConfigurations = (
				FA0602F82AB2C4820035B479 /* Debug */,
				FA0602F92AB2C4820035B479 /* Release */,
			);
			defaultConfigurationIsVisible = 0;
			defaultConfigurationName = Release;
		};
/* End XCConfigurationList section */
	};
	rootObject = FA0602DB2AB2C47D0035B479 /* Project object */;
}
